
Microsoft Visual Studio Solution File, Format Version 12.00
# Visual Studio Version 16
VisualStudioVersion = 16.0.30717.126
MinimumVisualStudioVersion = 10.0.40219.1
Project("{9A19103F-16F7-4668-BE54-9A1E7A4F7556}") = "DairySolution", "DairySolution\DairySolution.csproj", "{4C293334-1125-4EC4-85B1-B3CA0192DE97}"
EndProject
Project("{54435603-DBB4-11D2-8724-00A0C9A8B90C}") = "Setup", "Setup\Setup.vdproj", "{A6A6AE44-C327-4D99-BA26-A920750A98F3}"
EndProject
Global
	GlobalSection(SolutionConfigurationPlatforms) = preSolution
		Debug|Any CPU = Debug|Any CPU
		Release|Any CPU = Release|Any CPU
	EndGlobalSection
	GlobalSection(ProjectConfigurationPlatforms) = postSolution
		{4C293334-1125-4EC4-85B1-B3CA0192DE97}.Debug|Any CPU.ActiveCfg = Debug|Any CPU
		{4C293334-1125-4EC4-85B1-B3CA0192DE97}.Debug|Any CPU.Build.0 = Debug|Any CPU
		{4C293334-1125-4EC4-85B1-B3CA0192DE97}.Release|Any CPU.ActiveCfg = Release|Any CPU
		{4C293334-1125-4EC4-85B1-B3CA0192DE97}.Release|Any CPU.Build.0 = Release|Any CPU
		{A6A6AE44-C327-4D99-BA26-A920750A98F3}.Debug|Any CPU.ActiveCfg = Debug
		{A6A6AE44-C327-4D99-BA26-A920750A98F3}.Debug|Any CPU.Build.0 = Debug
		{A6A6AE44-C327-4D99-BA26-A920750A98F3}.Release|Any CPU.ActiveCfg = Release
		{A6A6AE44-C327-4D99-BA26-A920750A98F3}.Release|Any CPU.Build.0 = Release
	EndGlobalSection
	GlobalSection(SolutionProperties) = preSolution
		HideSolutionNode = FALSE
	EndGlobalSection
	GlobalSection(ExtensibilityGlobals) = postSolution
		SolutionGuid = {711D33A2-816D-45C2-80FE-F741104F02CC}
	EndGlobalSection
EndGlobal
